
Microsoft Visual Studio Solution File, Format Version 12.00
# Visual Studio 15
VisualStudioVersion = 15.0.28307.1062
MinimumVisualStudioVersion = 10.0.40219.1
Project("{FAE04EC0-301F-11D3-BF4B-00C04F79EFBC}") = "Almwdeh", "Almwdeh\Almwdeh.csproj", "{FD18BD14-3357-43BA-BF48-B7EE2517E9BC}"
EndProject
Global
	GlobalSection(SolutionConfigurationPlatforms) = preSolution
		Debug|Any CPU = Debug|Any CPU
		Release|Any CPU = Release|Any CPU
	EndGlobalSection
	GlobalSection(ProjectConfigurationPlatforms) = postSolution
		{FD18BD14-3357-43BA-BF48-B7EE2517E9BC}.Debug|Any CPU.ActiveCfg = Debug|Any CPU
		{FD18BD14-3357-43BA-BF48-B7EE2517E9BC}.Debug|Any CPU.Build.0 = Debug|Any CPU
		{FD18BD14-3357-43BA-BF48-B7EE2517E9BC}.Release|Any CPU.ActiveCfg = Release|Any CPU
		{FD18BD14-3357-43BA-BF48-B7EE2517E9BC}.Release|Any CPU.Build.0 = Release|Any CPU
	EndGlobalSection
	GlobalSection(SolutionProperties) = preSolution
		HideSolutionNode = FALSE
	EndGlobalSection
	GlobalSection(ExtensibilityGlobals) = postSolution
		SolutionGuid = {95A06D1B-D334-4CC5-BDF3-8742004FB41D}
	EndGlobalSection
EndGlobal
